
Microsoft Visual Studio Solution File, Format Version 12.00
# Visual Studio Version 17
VisualStudioVersion = 17.0.31903.59
MinimumVisualStudioVersion = 10.0.40219.1
Project("{FAE04EC0-301F-11D3-BF4B-00C04F79EFBC}") = "NetBatching", "NetBatching\NetBatching.csproj", "{C0777E4C-EA76-4DCC-9556-191CE335A1C6}"
EndProject
Project("{FAE04EC0-301F-11D3-BF4B-00C04F79EFBC}") = "NetBatching.Worker", "NetBatching.Worker\NetBatching.Worker.csproj", "{A69048EB-CF60-4142-8D5F-41CB9680290F}"
EndProject
Project("{FAE04EC0-301F-11D3-BF4B-00C04F79EFBC}") = "NetBatching.Worker.Tests", "NetBatching.Worker.Tests\NetBatching.Worker.Tests.csproj", "{DF1A51C9-DD58-468F-8D26-0B3EE3803900}"
EndProject
Global
	GlobalSection(SolutionConfigurationPlatforms) = preSolution
		Debug|Any CPU = Debug|Any CPU
		Release|Any CPU = Release|Any CPU
	EndGlobalSection
	GlobalSection(SolutionProperties) = preSolution
		HideSolutionNode = FALSE
	EndGlobalSection
	GlobalSection(ProjectConfigurationPlatforms) = postSolution
		{C0777E4C-EA76-4DCC-9556-191CE335A1C6}.Debug|Any CPU.ActiveCfg = Debug|Any CPU
		{C0777E4C-EA76-4DCC-9556-191CE335A1C6}.Debug|Any CPU.Build.0 = Debug|Any CPU
		{C0777E4C-EA76-4DCC-9556-191CE335A1C6}.Release|Any CPU.ActiveCfg = Release|Any CPU
		{C0777E4C-EA76-4DCC-9556-191CE335A1C6}.Release|Any CPU.Build.0 = Release|Any CPU
		{A69048EB-CF60-4142-8D5F-41CB9680290F}.Debug|Any CPU.ActiveCfg = Debug|Any CPU
		{A69048EB-CF60-4142-8D5F-41CB9680290F}.Debug|Any CPU.Build.0 = Debug|Any CPU
		{A69048EB-CF60-4142-8D5F-41CB9680290F}.Release|Any CPU.ActiveCfg = Release|Any CPU
		{A69048EB-CF60-4142-8D5F-41CB9680290F}.Release|Any CPU.Build.0 = Release|Any CPU
		{DF1A51C9-DD58-468F-8D26-0B3EE3803900}.Debug|Any CPU.ActiveCfg = Debug|Any CPU
		{DF1A51C9-DD58-468F-8D26-0B3EE3803900}.Debug|Any CPU.Build.0 = Debug|Any CPU
		{DF1A51C9-DD58-468F-8D26-0B3EE3803900}.Release|Any CPU.ActiveCfg = Release|Any CPU
		{DF1A51C9-DD58-468F-8D26-0B3EE3803900}.Release|Any CPU.Build.0 = Release|Any CPU
	EndGlobalSection
EndGlobal
